<?xml version="1.0" encoding="utf-8"?>
<Project ToolsVersion="4.0" xmlns="http://schemas.microsoft.com/developer/msbuild/2003">
  <ItemGroup>
    <Filter Include="Source Files">
      <UniqueIdentifier>{4FC737F1-C7A5-4376-A066-2A32D752A2FF}</UniqueIdentifier>
      <Extensions>cpp;c;cc;cxx;def;odl;idl;hpj;bat;asm;asmx</Extensions>
    </Filter>
    <Filter Include="Source Files\ParseCMD">
      <UniqueIdentifier>{5f443c86-4280-431f-bf04-5642e4ea6fe0}</UniqueIdentifier>
    </Filter>
    <Filter Include="Source Files\Common">
      <UniqueIdentifier>{26a5a6a7-6c07-4479-8f2f-3c8a76e145f7}</UniqueIdentifier>
    </Filter>
    <Filter Include="Source Files\Config">
      <UniqueIdentifier>{5b3b2073-6cc3-4c65-9528-8c882046983a}</UniqueIdentifier>
    </Filter>
    <Filter Include="Source Files\CLoadDriver">
      <UniqueIdentifier>{c7050c59-d6f8-42db-8008-550973975239}</UniqueIdentifier>
    </Filter>
    <Filter Include="Source Files\Outputdebug">
      <UniqueIdentifier>{c46f2c4e-d43c-44fd-975f-debf7e3a34f1}</UniqueIdentifier>
    </Filter>
    <Filter Include="Header Files">
      <UniqueIdentifier>{93995380-89BD-4b04-88EB-625FBE52EBFB}</UniqueIdentifier>
      <Extensions>h;hpp;hxx;hm;inl;inc;xsd</Extensions>
    </Filter>
    <Filter Include="Resource Files">
      <UniqueIdentifier>{67DA6AB6-F800-4c08-8B7A-83BB121AAD01}</UniqueIdentifier>
      <Extensions>rc;ico;cur;bmp;dlg;rc2;rct;bin;rgs;gif;jpg;jpeg;jpe;resx;tiff;tif;png;wav</Extensions>
    </Filter>
  </ItemGroup>
  <ItemGroup>
    <ClCompile Include="PBStart.cpp">
      <Filter>Source Files</Filter>
    </ClCompile>
    <ClCompile Include="stdafx.cpp">
      <Filter>Source Files</Filter>
    </ClCompile>
    <ClCompile Include="ParseCMD.cpp">
      <Filter>Source Files\ParseCMD</Filter>
    </ClCompile>
    <ClCompile Include="Common.cpp">
      <Filter>Source Files\Common</Filter>
    </ClCompile>
    <ClCompile Include="Config.cpp">
      <Filter>Source Files\Config</Filter>
    </ClCompile>
    <ClCompile Include="CLoadDriver_2.cpp">
      <Filter>Source Files\CLoadDriver</Filter>
    </ClCompile>
    <ClCompile Include="outputdebug.cpp">
      <Filter>Source Files\Outputdebug</Filter>
    </ClCompile>
  </ItemGroup>
  <ItemGroup>
    <ClInclude Include="ParseCMD.h">
      <Filter>Source Files\ParseCMD</Filter>
    </ClInclude>
    <ClInclude Include="Common.h">
      <Filter>Source Files\Common</Filter>
    </ClInclude>
    <ClInclude Include="Config.h">
      <Filter>Source Files\Config</Filter>
    </ClInclude>
    <ClInclude Include="CLoadDriver_2.h">
      <Filter>Source Files\CLoadDriver</Filter>
    </ClInclude>
    <ClInclude Include="outputdebug.h">
      <Filter>Source Files\Outputdebug</Filter>
    </ClInclude>
    <ClInclude Include="..\..\Base\Ioctl.h">
      <Filter>Header Files</Filter>
    </ClInclude>
    <ClInclude Include="PBStart.h">
      <Filter>Header Files</Filter>
    </ClInclude>
    <ClInclude Include="stdafx.h">
      <Filter>Header Files</Filter>
    </ClInclude>
    <ClInclude Include="targetver.h">
      <Filter>Header Files</Filter>
    </ClInclude>
  </ItemGroup>
  <ItemGroup>
    <Text Include="ReadMe.txt" />
  </ItemGroup>
</Project>